// !$*UTF8*$!
{
	archiveVersion = 1;
	classes = {
	};
	objectVersion = 50;
	objects = {

/* Begin PBXBuildFile section */
		A56DDD3A219112D400007DC5 /* AppDelegate.swift in Sources */ = {isa = PBXBuildFile; fileRef = A56DDD39219112D400007DC5 /* AppDelegate.swift */; };
		A56DDD3C219112D400007DC5 /* ViewController.swift in Sources */ = {isa = PBXBuildFile; fileRef = A56DDD3B219112D400007DC5 /* ViewController.swift */; };
		A56DDD3F219112D400007DC5 /* Main.storyboard in Resources */ = {isa = PBXBuildFile; fileRef = A56DDD3D219112D400007DC5 /* Main.storyboard */; };
		A56DDD41219112D500007DC5 /* Assets.xcassets in Resources */ = {isa = PBXBuildFile; fileRef = A56DDD40219112D500007DC5 /* Assets.xcassets */; };
		A56DDD44219112D500007DC5 /* LaunchScreen.storyboard in Resources */ = {isa = PBXBuildFile; fileRef = A56DDD42219112D500007DC5 /* LaunchScreen.storyboard */; };
		A56DDD4C2191132A00007DC5 /* Crab.xcassets in Resources */ = {isa = PBXBuildFile; fileRef = A56DDD4B2191132A00007DC5 /* Crab.xcassets */; };
		A56DDD4E219113BC00007DC5 /* SKSpriteNode+Utility.swift in Sources */ = {isa = PBXBuildFile; fileRef = A56DDD4D219113BC00007DC5 /* SKSpriteNode+Utility.swift */; };
		A56DDD502191604600007DC5 /* CoustomScene.swift in Sources */ = {isa = PBXBuildFile; fileRef = A56DDD4F2191604600007DC5 /* CoustomScene.swift */; };
/* End PBXBuildFile section */

/* Begin PBXFileReference section */
		A56DDD36219112D400007DC5 /* FirstSprite.app */ = {isa = PBXFileReference; explicitFileType = wrapper.application; includeInIndex = 0; path = FirstSprite.app; sourceTree = BUILT_PRODUCTS_DIR; };
		A56DDD39219112D400007DC5 /* AppDelegate.swift */ = {isa = PBXFileReference; lastKnownFileType = sourcecode.swift; path = AppDelegate.swift; sourceTree = "<group>"; };
		A56DDD3B219112D400007DC5 /* ViewController.swift */ = {isa = PBXFileReference; lastKnownFileType = sourcecode.swift; path = ViewController.swift; sourceTree = "<group>"; };
		A56DDD3E219112D400007DC5 /* Base */ = {isa = PBXFileReference; lastKnownFileType = file.storyboard; name = Base; path = Base.lproj/Main.storyboard; sourceTree = "<group>"; };
		A56DDD40219112D500007DC5 /* Assets.xcassets */ = {isa = PBXFileReference; lastKnownFileType = folder.assetcatalog; path = Assets.xcassets; sourceTree = "<group>"; };
		A56DDD43219112D500007DC5 /* Base */ = {isa = PBXFileReference; lastKnownFileType = file.storyboard; name = Base; path = Base.lproj/LaunchScreen.storyboard; sourceTree = "<group>"; };
		A56DDD45219112D500007DC5 /* Info.plist */ = {isa = PBXFileReference; lastKnownFileType = text.plist.xml; path = Info.plist; sourceTree = "<group>"; };
		A56DDD4B2191132A00007DC5 /* Crab.xcassets */ = {isa = PBXFileReference; lastKnownFileType = folder.assetcatalog; name = Crab.xcassets; path = ../../Crab.xcassets; sourceTree = "<group>"; };
		A56DDD4D219113BC00007DC5 /* SKSpriteNode+Utility.swift */ = {isa = PBXFileReference; fileEncoding = 4; lastKnownFileType = sourcecode.swift; name = "SKSpriteNode+Utility.swift"; path = "../../SKSpriteNode+Utility.swift"; sourceTree = "<group>"; };
		A56DDD4F2191604600007DC5 /* CoustomScene.swift */ = {isa = PBXFileReference; lastKnownFileType = sourcecode.swift; path = CoustomScene.swift; sourceTree = "<group>"; };
/* End PBXFileReference section */

/* Begin PBXFrameworksBuildPhase section */
		A56DDD33219112D400007DC5 /* Frameworks */ = {
			isa = PBXFrameworksBuildPhase;
			buildActionMask = 2147483647;
			files = (
			);
			runOnlyForDeploymentPostprocessing = 0;
		};
/* End PBXFrameworksBuildPhase section */

/* Begin PBXGroup section */
		A56DDD2D219112D400007DC5 = {
			isa = PBXGroup;
			children = (
				A56DDD38219112D400007DC5 /* FirstSprite */,
				A56DDD37219112D400007DC5 /* Products */,
			);
			sourceTree = "<group>";
		};
		A56DDD37219112D400007DC5 /* Products */ = {
			isa = PBXGroup;
			children = (
				A56DDD36219112D400007DC5 /* FirstSprite.app */,
			);
			name = Products;
			sourceTree = "<group>";
		};
		A56DDD38219112D400007DC5 /* FirstSprite */ = {
			isa = PBXGroup;
			children = (
				A56DDD39219112D400007DC5 /* AppDelegate.swift */,
				A56DDD3B219112D400007DC5 /* ViewController.swift */,
				A56DDD3D219112D400007DC5 /* Main.storyboard */,
				A56DDD4F2191604600007DC5 /* CoustomScene.swift */,
				A56DDD4D219113BC00007DC5 /* SKSpriteNode+Utility.swift */,
				A56DDD40219112D500007DC5 /* Assets.xcassets */,
				A56DDD4B2191132A00007DC5 /* Crab.xcassets */,
				A56DDD42219112D500007DC5 /* LaunchScreen.storyboard */,
				A56DDD45219112D500007DC5 /* Info.plist */,
			);
			path = FirstSprite;
			sourceTree = "<group>";
		};
/* End PBXGroup section */

/* Begin PBXNativeTarget section */
		A56DDD35219112D400007DC5 /* FirstSprite */ = {
			isa = PBXNativeTarget;
			buildConfigurationList = A56DDD48219112D500007DC5 /* Build configuration list for PBXNativeTarget "FirstSprite" */;
			buildPhases = (
				A56DDD32219112D400007DC5 /* Sources */,
				A56DDD33219112D400007DC5 /* Frameworks */,
				A56DDD34219112D400007DC5 /* Resources */,
			);
			buildRules = (
			);
			dependencies = (
			);
			name = FirstSprite;
			productName = FirstSprite;
			productReference = A56DDD36219112D400007DC5 /* FirstSprite.app */;
			productType = "com.apple.product-type.application";
		};
/* End PBXNativeTarget section */

/* Begin PBXProject section */
		A56DDD2E219112D400007DC5 /* Project object */ = {
			isa = PBXProject;
			attributes = {
				LastSwiftUpdateCheck = 1010;
				LastUpgradeCheck = 1010;
				ORGANIZATIONNAME = "Sergey Osipyan";
				TargetAttributes = {
					A56DDD35219112D400007DC5 = {
						CreatedOnToolsVersion = 10.1;
					};
				};
			};
			buildConfigurationList = A56DDD31219112D400007DC5 /* Build configuration list for PBXProject "FirstSprite" */;
			compatibilityVersion = "Xcode 9.3";
			developmentRegion = en;
			hasScannedForEncodings = 0;
			knownRegions = (
				en,
				Base,
			);
			mainGroup = A56DDD2D219112D400007DC5;
			productRefGroup = A56DDD37219112D400007DC5 /* Products */;
			projectDirPath = "";
			projectRoot = "";
			targets = (
				A56DDD35219112D400007DC5 /* FirstSprite */,
			);
		};
/* End PBXProject section */

/* Begin PBXResourcesBuildPhase section */
		A56DDD34219112D400007DC5 /* Resources */ = {
			isa = PBXResourcesBuildPhase;
			buildActionMask = 2147483647;
			files = (
				A56DDD44219112D500007DC5 /* LaunchScreen.storyboard in Resources */,
				A56DDD4C2191132A00007DC5 /* Crab.xcassets in Resources */,
				A56DDD41219112D500007DC5 /* Assets.xcassets in Resources */,
				A56DDD3F219112D400007DC5 /* Main.storyboard in Resources */,
			);
			runOnlyForDeploymentPostprocessing = 0;
		};
/* End PBXResourcesBuildPhase section */

/* Begin PBXSourcesBuildPhase section */
		A56DDD32219112D400007DC5 /* Sources */ = {
			isa = PBXSourcesBuildPhase;
			buildActionMask = 2147483647;
			files = (
				A56DDD4E219113BC00007DC5 /* SKSpriteNode+Utility.swift in Sources */,
				A56DDD502191604600007DC5 /* CoustomScene.swift in Sources */,
				A56DDD3C219112D400007DC5 /* ViewController.swift in Sources */,
				A56DDD3A219112D400007DC5 /* AppDelegate.swift in Sources */,
			);
			runOnlyForDeploymentPostprocessing = 0;
		};
/* End PBXSourcesBuildPhase section */

/* Begin PBXVariantGroup section */
		A56DDD3D219112D400007DC5 /* Main.storyboard */ = {
			isa = PBXVariantGroup;
			children = (
				A56DDD3E219112D400007DC5 /* Base */,
			);
			name = Main.storyboard;
			sourceTree = "<group>";
		};
		A56DDD42219112D500007DC5 /* LaunchScreen.storyboard */ = {
			isa = PBXVariantGroup;
			children = (
				A56DDD43219112D500007DC5 /* Base */,
			);
			name = LaunchScreen.storyboard;
			sourceTree = "<group>";
		};
/* End PBXVariantGroup section */

/* Begin XCBuildConfiguration section */
		A56DDD46219112D500007DC5 /* Debug */ = {
			isa = XCBuildConfiguration;
			buildSettings = {
				ALWAYS_SEARCH_USER_PATHS = NO;
				CLANG_ANALYZER_NONNULL = YES;
				CLANG_ANALYZER_NUMBER_OBJECT_CONVERSION = YES_AGGRESSIVE;
				CLANG_CXX_LANGUAGE_STANDARD = "gnu++14";
				CLANG_CXX_LIBRARY = "libc++";
				CLANG_ENABLE_MODULES = YES;
				CLANG_ENABLE_OBJC_ARC = YES;
				CLANG_ENABLE_OBJC_WEAK = YES;
				CLANG_WARN_BLOCK_CAPTURE_AUTORELEASING = YES;
				CLANG_WARN_BOOL_CONVERSION = YES;
				CLANG_WARN_COMMA = YES;
				CLANG_WARN_CONSTANT_CONVERSION = YES;
				CLANG_WARN_DEPRECATED_OBJC_IMPLEMENTATIONS = YES;
				CLANG_WARN_DIRECT_OBJC_ISA_USAGE = YES_ERROR;
				CLANG_WARN_DOCUMENTATION_COMMENTS = YES;
				CLANG_WARN_EMPTY_BODY = YES;
				CLANG_WARN_ENUM_CONVERSION = YES;
				CLANG_WARN_INFINITE_RECURSION = YES;
				CLANG_WARN_INT_CONVERSION = YES;
				CLANG_WARN_NON_LITERAL_NULL_CONVERSION = YES;
				CLANG_WARN_OBJC_IMPLICIT_RETAIN_SELF = YES;
				CLANG_WARN_OBJC_LITERAL_CONVERSION = YES;
				CLANG_WARN_OBJC_ROOT_CLASS = YES_ERROR;
				CLANG_WARN_RANGE_LOOP_ANALYSIS = YES;
				CLANG_WARN_STRICT_PROTOTYPES = YES;
				CLANG_WARN_SUSPICIOUS_MOVE = YES;
				CLANG_WARN_UNGUARDED_AVAILABILITY = YES_AGGRESSIVE;
				CLANG_WARN_UNREACHABLE_CODE = YES;
				CLANG_WARN__DUPLICATE_METHOD_MATCH = YES;
				CODE_SIGN_IDENTITY = "iPhone Developer";
				COPY_PHASE_STRIP = NO;
				DEBUG_INFORMATION_FORMAT = dwarf;
				ENABLE_STRICT_OBJC_MSGSEND = YES;
				ENABLE_TESTABILITY = YES;
				GCC_C_LANGUAGE_STANDARD = gnu11;
				GCC_DYNAMIC_NO_PIC = NO;
				GCC_NO_COMMON_BLOCKS = YES;
				GCC_OPTIMIZATION_LEVEL = 0;
				GCC_PREPROCESSOR_DEFINITIONS = (
					"DEBUG=1",
					"$(inherited)",
				);
				GCC_WARN_64_TO_32_BIT_CONVERSION = YES;
				GCC_WARN_ABOUT_RETURN_TYPE = YES_ERROR;
				GCC_WARN_UNDECLARED_SELECTOR = YES;
				GCC_WARN_UNINITIALIZED_AUTOS = YES_AGGRESSIVE;
				GCC_WARN_UNUSED_FUNCTION = YES;
				GCC_WARN_UNUSED_VARIABLE = YES;
				IPHONEOS_DEPLOYMENT_TARGET = 12.1;
				MTL_ENABLE_DEBUG_INFO = INCLUDE_SOURCE;
				MTL_FAST_MATH = YES;
				ONLY_ACTIVE_ARCH = YES;
				SDKROOT = iphoneos;
				SWIFT_ACTIVE_COMPILATION_CONDITIONS = DEBUG;
				SWIFT_OPTIMIZATION_LEVEL = "-Onone";
			};
			name = Debug;
		};
		A56DDD47219112D500007DC5 /* Release */ = {
			isa = XCBuildConfiguration;
			buildSettings = {
				ALWAYS_SEARCH_USER_PATHS = NO;
				CLANG_ANALYZER_NONNULL = YES;
				CLANG_ANALYZER_NUMBER_OBJECT_CONVERSION = YES_AGGRESSIVE;
				CLANG_CXX_LANGUAGE_STANDARD = "gnu++14";
				CLANG_CXX_LIBRARY = "libc++";
				CLANG_ENABLE_MODULES = YES;
				CLANG_ENABLE_OBJC_ARC = YES;
				CLANG_ENABLE_OBJC_WEAK = YES;
				CLANG_WARN_BLOCK_CAPTURE_AUTORELEASING = YES;
				CLANG_WARN_BOOL_CONVERSION = YES;
				CLANG_WARN_COMMA = YES;
				CLANG_WARN_CONSTANT_CONVERSION = YES;
				CLANG_WARN_DEPRECATED_OBJC_IMPLEMENTATIONS = YES;
				CLANG_WARN_DIRECT_OBJC_ISA_USAGE = YES_ERROR;
				CLANG_WARN_DOCUMENTATION_COMMENTS = YES;
				CLANG_WARN_EMPTY_BODY = YES;
				CLANG_WARN_ENUM_CONVERSION = YES;
				CLANG_WARN_INFINITE_RECURSION = YES;
				CLANG_WARN_INT_CONVERSION = YES;
				CLANG_WARN_NON_LITERAL_NULL_CONVERSION = YES;
				CLANG_WARN_OBJC_IMPLICIT_RETAIN_SELF = YES;
				CLANG_WARN_OBJC_LITERAL_CONVERSION = YES;
				CLANG_WARN_OBJC_ROOT_CLASS = YES_ERROR;
				CLANG_WARN_RANGE_LOOP_ANALYSIS = YES;
				CLANG_WARN_STRICT_PROTOTYPES = YES;
				CLANG_WARN_SUSPICIOUS_MOVE = YES;
				CLANG_WARN_UNGUARDED_AVAILABILITY = YES_AGGRESSIVE;
				CLANG_WARN_UNREACHABLE_CODE = YES;
				CLANG_WARN__DUPLICATE_METHOD_MATCH = YES;
				CODE_SIGN_IDENTITY = "iPhone Developer";
				COPY_PHASE_STRIP = NO;
				DEBUG_INFORMATION_FORMAT = "dwarf-with-dsym";
				ENABLE_NS_ASSERTIONS = NO;
				ENABLE_STRICT_OBJC_MSGSEND = YES;
				GCC_C_LANGUAGE_STANDARD = gnu11;
				GCC_NO_COMMON_BLOCKS = YES;
				GCC_WARN_64_TO_32_BIT_CONVERSION = YES;
				GCC_WARN_ABOUT_RETURN_TYPE = YES_ERROR;
				GCC_WARN_UNDECLARED_SELECTOR = YES;
				GCC_WARN_UNINITIALIZED_AUTOS = YES_AGGRESSIVE;
				GCC_WARN_UNUSED_FUNCTION = YES;
				GCC_WARN_UNUSED_VARIABLE = YES;
				IPHONEOS_DEPLOYMENT_TARGET = 12.1;
				MTL_ENABLE_DEBUG_INFO = NO;
				MTL_FAST_MATH = YES;
				SDKROOT = iphoneos;
				SWIFT_COMPILATION_MODE = wholemodule;
				SWIFT_OPTIMIZATION_LEVEL = "-O";
				VALIDATE_PRODUCT = YES;
			};
			name = Release;
		};
		A56DDD49219112D500007DC5 /* Debug */ = {
			isa = XCBuildConfiguration;
			buildSettings = {
				ASSETCATALOG_COMPILER_APPICON_NAME = AppIcon;
				CODE_SIGN_STYLE = Automatic;
				DEVELOPMENT_TEAM = KF4QEGAU36;
				INFOPLIST_FILE = FirstSprite/Info.plist;
				LD_RUNPATH_SEARCH_PATHS = (
					"$(inherited)",
					"@executable_path/Frameworks",
				);
				PRODUCT_BUNDLE_IDENTIFIER = Sergey.FirstSprite;
				PRODUCT_NAME = "$(TARGET_NAME)";
				SWIFT_VERSION = 4.2;
				TARGETED_DEVICE_FAMILY = "1,2";
			};
			name = Debug;
		};
		A56DDD4A219112D500007DC5 /* Release */ = {
			isa = XCBuildConfiguration;
			buildSettings = {
				ASSETCATALOG_COMPILER_APPICON_NAME = AppIcon;
				CODE_SIGN_STYLE = Automatic;
				DEVELOPMENT_TEAM = KF4QEGAU36;
				INFOPLIST_FILE = FirstSprite/Info.plist;
				LD_RUNPATH_SEARCH_PATHS = (
					"$(inherited)",
					"@executable_path/Frameworks",
				);
				PRODUCT_BUNDLE_IDENTIFIER = Sergey.FirstSprite;
				PRODUCT_NAME = "$(TARGET_NAME)";
				SWIFT_VERSION = 4.2;
				TARGETED_DEVICE_FAMILY = "1,2";
			};
			name = Release;
		};
/* End XCBuildConfiguration section */

/* Begin XCConfigurationList section */
		A56DDD31219112D400007DC5 /* Build configuration list for PBXProject "FirstSprite" */ = {
			isa = XCConfigurationList;
			buildConfigurations = (
				A56DDD46219112D500007DC5 /* Debug */,
				A56DDD47219112D500007DC5 /* Release */,
			);
			defaultConfigurationIsVisible = 0;
			defaultConfigurationName = Release;
		};
		A56DDD48219112D500007DC5 /* Build configuration list for PBXNativeTarget "FirstSprite" */ = {
			isa = XCConfigurationList;
			buildConfigurations = (
				A56DDD49219112D500007DC5 /* Debug */,
				A56DDD4A219112D500007DC5 /* Release */,
			);
			defaultConfigurationIsVisible = 0;
			defaultConfigurationName = Release;
		};
/* End XCConfigurationList section */
	};
	rootObject = A56DDD2E219112D400007DC5 /* Project object */;
}
